
Microsoft Visual Studio Solution File, Format Version 12.00
# Visual Studio 15
VisualStudioVersion = 15.0.27703.2026
MinimumVisualStudioVersion = 10.0.40219.1
Project("{9A19103F-16F7-4668-BE54-9A1E7A4F7556}") = "DynamicCharts", "DynamicCharts.csproj", "{CFDE469D-6C0D-4284-90B9-DD3B9A999751}"
EndProject
Global
	GlobalSection(SolutionConfigurationPlatforms) = preSolution
		Debug|Any CPU = Debug|Any CPU
		Release|Any CPU = Release|Any CPU
	EndGlobalSection
	GlobalSection(ProjectConfigurationPlatforms) = postSolution
		{CFDE469D-6C0D-4284-90B9-DD3B9A999751}.Debug|Any CPU.ActiveCfg = Debug|Any CPU
		{CFDE469D-6C0D-4284-90B9-DD3B9A999751}.Debug|Any CPU.Build.0 = Debug|Any CPU
		{CFDE469D-6C0D-4284-90B9-DD3B9A999751}.Release|Any CPU.ActiveCfg = Release|Any CPU
		{CFDE469D-6C0D-4284-90B9-DD3B9A999751}.Release|Any CPU.Build.0 = Release|Any CPU
	EndGlobalSection
	GlobalSection(SolutionProperties) = preSolution
		HideSolutionNode = FALSE
	EndGlobalSection
	GlobalSection(ExtensibilityGlobals) = postSolution
		SolutionGuid = {19F283B9-8E54-4B39-9A76-D76FE083B6D0}
	EndGlobalSection
EndGlobal
